// !$*UTF8*$!
{
	archiveVersion = 1;
	classes = {
	};
	objectVersion = 56;
	objects = {

/* Begin PBXBuildFile section */
		CE93501B2881020B006DA3EE /* SwiftChartsExApp.swift in Sources */ = {isa = PBXBuildFile; fileRef = CE93501A2881020B006DA3EE /* SwiftChartsExApp.swift */; };
		CE93501D2881020B006DA3EE /* ContentView.swift in Sources */ = {isa = PBXBuildFile; fileRef = CE93501C2881020B006DA3EE /* ContentView.swift */; };
		CE93501F28810211006DA3EE /* Assets.xcassets in Resources */ = {isa = PBXBuildFile; fileRef = CE93501E28810211006DA3EE /* Assets.xcassets */; };
		CE93502228810211006DA3EE /* Preview Assets.xcassets in Resources */ = {isa = PBXBuildFile; fileRef = CE93502128810211006DA3EE /* Preview Assets.xcassets */; };
		CE93502C28810211006DA3EE /* SwiftChartsExTests.swift in Sources */ = {isa = PBXBuildFile; fileRef = CE93502B28810211006DA3EE /* SwiftChartsExTests.swift */; };
		CE93503628810211006DA3EE /* SwiftChartsExUITests.swift in Sources */ = {isa = PBXBuildFile; fileRef = CE93503528810211006DA3EE /* SwiftChartsExUITests.swift */; };
		CE93503828810211006DA3EE /* SwiftChartsExUITestsLaunchTests.swift in Sources */ = {isa = PBXBuildFile; fileRef = CE93503728810211006DA3EE /* SwiftChartsExUITestsLaunchTests.swift */; };
		CEC0586C288111470098169A /* SeriesChart.swift in Sources */ = {isa = PBXBuildFile; fileRef = CEC0586B288111470098169A /* SeriesChart.swift */; };
/* End PBXBuildFile section */

/* Begin PBXContainerItemProxy section */
		CE93502828810211006DA3EE /* PBXContainerItemProxy */ = {
			isa = PBXContainerItemProxy;
			containerPortal = CE93500F2881020B006DA3EE /* Project object */;
			proxyType = 1;
			remoteGlobalIDString = CE9350162881020B006DA3EE;
			remoteInfo = SwiftChartsEx;
		};
		CE93503228810211006DA3EE /* PBXContainerItemProxy */ = {
			isa = PBXContainerItemProxy;
			containerPortal = CE93500F2881020B006DA3EE /* Project object */;
			proxyType = 1;
			remoteGlobalIDString = CE9350162881020B006DA3EE;
			remoteInfo = SwiftChartsEx;
		};
/* End PBXContainerItemProxy section */

/* Begin PBXFileReference section */
		CE9350172881020B006DA3EE /* SwiftChartsEx.app */ = {isa = PBXFileReference; explicitFileType = wrapper.application; includeInIndex = 0; path = SwiftChartsEx.app; sourceTree = BUILT_PRODUCTS_DIR; };
		CE93501A2881020B006DA3EE /* SwiftChartsExApp.swift */ = {isa = PBXFileReference; lastKnownFileType = sourcecode.swift; path = SwiftChartsExApp.swift; sourceTree = "<group>"; };
		CE93501C2881020B006DA3EE /* ContentView.swift */ = {isa = PBXFileReference; lastKnownFileType = sourcecode.swift; path = ContentView.swift; sourceTree = "<group>"; };
		CE93501E28810211006DA3EE /* Assets.xcassets */ = {isa = PBXFileReference; lastKnownFileType = folder.assetcatalog; path = Assets.xcassets; sourceTree = "<group>"; };
		CE93502128810211006DA3EE /* Preview Assets.xcassets */ = {isa = PBXFileReference; lastKnownFileType = folder.assetcatalog; path = "Preview Assets.xcassets"; sourceTree = "<group>"; };
		CE93502728810211006DA3EE /* SwiftChartsExTests.xctest */ = {isa = PBXFileReference; explicitFileType = wrapper.cfbundle; includeInIndex = 0; path = SwiftChartsExTests.xctest; sourceTree = BUILT_PRODUCTS_DIR; };
		CE93502B28810211006DA3EE /* SwiftChartsExTests.swift */ = {isa = PBXFileReference; lastKnownFileType = sourcecode.swift; path = SwiftChartsExTests.swift; sourceTree = "<group>"; };
		CE93503128810211006DA3EE /* SwiftChartsExUITests.xctest */ = {isa = PBXFileReference; explicitFileType = wrapper.cfbundle; includeInIndex = 0; path = SwiftChartsExUITests.xctest; sourceTree = BUILT_PRODUCTS_DIR; };
		CE93503528810211006DA3EE /* SwiftChartsExUITests.swift */ = {isa = PBXFileReference; lastKnownFileType = sourcecode.swift; path = SwiftChartsExUITests.swift; sourceTree = "<group>"; };
		CE93503728810211006DA3EE /* SwiftChartsExUITestsLaunchTests.swift */ = {isa = PBXFileReference; lastKnownFileType = sourcecode.swift; path = SwiftChartsExUITestsLaunchTests.swift; sourceTree = "<group>"; };
		CEC0586B288111470098169A /* SeriesChart.swift */ = {isa = PBXFileReference; lastKnownFileType = sourcecode.swift; path = SeriesChart.swift; sourceTree = "<group>"; };
/* End PBXFileReference section */

/* Begin PBXFrameworksBuildPhase section */
		CE9350142881020B006DA3EE /* Frameworks */ = {
			isa = PBXFrameworksBuildPhase;
			buildActionMask = 2147483647;
			files = (
			);
			runOnlyForDeploymentPostprocessing = 0;
		};
		CE93502428810211006DA3EE /* Frameworks */ = {
			isa = PBXFrameworksBuildPhase;
			buildActionMask = 2147483647;
			files = (
			);
			runOnlyForDeploymentPostprocessing = 0;
		};
		CE93502E28810211006DA3EE /* Frameworks */ = {
			isa = PBXFrameworksBuildPhase;
			buildActionMask = 2147483647;
			files = (
			);
			runOnlyForDeploymentPostprocessing = 0;
		};
/* End PBXFrameworksBuildPhase section */

/* Begin PBXGroup section */
		CE93500E2881020B006DA3EE = {
			isa = PBXGroup;
			children = (
				CE9350192881020B006DA3EE /* SwiftChartsEx */,
				CE93502A28810211006DA3EE /* SwiftChartsExTests */,
				CE93503428810211006DA3EE /* SwiftChartsExUITests */,
				CE9350182881020B006DA3EE /* Products */,
			);
			sourceTree = "<group>";
		};
		CE9350182881020B006DA3EE /* Products */ = {
			isa = PBXGroup;
			children = (
				CE9350172881020B006DA3EE /* SwiftChartsEx.app */,
				CE93502728810211006DA3EE /* SwiftChartsExTests.xctest */,
				CE93503128810211006DA3EE /* SwiftChartsExUITests.xctest */,
			);
			name = Products;
			sourceTree = "<group>";
		};
		CE9350192881020B006DA3EE /* SwiftChartsEx */ = {
			isa = PBXGroup;
			children = (
				CE93501A2881020B006DA3EE /* SwiftChartsExApp.swift */,
				CE93501C2881020B006DA3EE /* ContentView.swift */,
				CE93501E28810211006DA3EE /* Assets.xcassets */,
				CE93502028810211006DA3EE /* Preview Content */,
				CEC0586B288111470098169A /* SeriesChart.swift */,
			);
			path = SwiftChartsEx;
			sourceTree = "<group>";
		};
		CE93502028810211006DA3EE /* Preview Content */ = {
			isa = PBXGroup;
			children = (
				CE93502128810211006DA3EE /* Preview Assets.xcassets */,
			);
			path = "Preview Content";
			sourceTree = "<group>";
		};
		CE93502A28810211006DA3EE /* SwiftChartsExTests */ = {
			isa = PBXGroup;
			children = (
				CE93502B28810211006DA3EE /* SwiftChartsExTests.swift */,
			);
			path = SwiftChartsExTests;
			sourceTree = "<group>";
		};
		CE93503428810211006DA3EE /* SwiftChartsExUITests */ = {
			isa = PBXGroup;
			children = (
				CE93503528810211006DA3EE /* SwiftChartsExUITests.swift */,
				CE93503728810211006DA3EE /* SwiftChartsExUITestsLaunchTests.swift */,
			);
			path = SwiftChartsExUITests;
			sourceTree = "<group>";
		};
/* End PBXGroup section */

/* Begin PBXNativeTarget section */
		CE9350162881020B006DA3EE /* SwiftChartsEx */ = {
			isa = PBXNativeTarget;
			buildConfigurationList = CE93503B28810211006DA3EE /* Build configuration list for PBXNativeTarget "SwiftChartsEx" */;
			buildPhases = (
				CE9350132881020B006DA3EE /* Sources */,
				CE9350142881020B006DA3EE /* Frameworks */,
				CE9350152881020B006DA3EE /* Resources */,
			);
			buildRules = (
			);
			dependencies = (
			);
			name = SwiftChartsEx;
			productName = SwiftChartsEx;
			productReference = CE9350172881020B006DA3EE /* SwiftChartsEx.app */;
			productType = "com.apple.product-type.application";
		};
		CE93502628810211006DA3EE /* SwiftChartsExTests */ = {
			isa = PBXNativeTarget;
			buildConfigurationList = CE93503E28810211006DA3EE /* Build configuration list for PBXNativeTarget "SwiftChartsExTests" */;
			buildPhases = (
				CE93502328810211006DA3EE /* Sources */,
				CE93502428810211006DA3EE /* Frameworks */,
				CE93502528810211006DA3EE /* Resources */,
			);
			buildRules = (
			);
			dependencies = (
				CE93502928810211006DA3EE /* PBXTargetDependency */,
			);
			name = SwiftChartsExTests;
			productName = SwiftChartsExTests;
			productReference = CE93502728810211006DA3EE /* SwiftChartsExTests.xctest */;
			productType = "com.apple.product-type.bundle.unit-test";
		};
		CE93503028810211006DA3EE /* SwiftChartsExUITests */ = {
			isa = PBXNativeTarget;
			buildConfigurationList = CE93504128810211006DA3EE /* Build configuration list for PBXNativeTarget "SwiftChartsExUITests" */;
			buildPhases = (
				CE93502D28810211006DA3EE /* Sources */,
				CE93502E28810211006DA3EE /* Frameworks */,
				CE93502F28810211006DA3EE /* Resources */,
			);
			buildRules = (
			);
			dependencies = (
				CE93503328810211006DA3EE /* PBXTargetDependency */,
			);
			name = SwiftChartsExUITests;
			productName = SwiftChartsExUITests;
			productReference = CE93503128810211006DA3EE /* SwiftChartsExUITests.xctest */;
			productType = "com.apple.product-type.bundle.ui-testing";
		};
/* End PBXNativeTarget section */

/* Begin PBXProject section */
		CE93500F2881020B006DA3EE /* Project object */ = {
			isa = PBXProject;
			attributes = {
				BuildIndependentTargetsInParallel = 1;
				LastSwiftUpdateCheck = 1400;
				LastUpgradeCheck = 1400;
				TargetAttributes = {
					CE9350162881020B006DA3EE = {
						CreatedOnToolsVersion = 14.0;
					};
					CE93502628810211006DA3EE = {
						CreatedOnToolsVersion = 14.0;
						TestTargetID = CE9350162881020B006DA3EE;
					};
					CE93503028810211006DA3EE = {
						CreatedOnToolsVersion = 14.0;
						TestTargetID = CE9350162881020B006DA3EE;
					};
				};
			};
			buildConfigurationList = CE9350122881020B006DA3EE /* Build configuration list for PBXProject "SwiftChartsEx" */;
			compatibilityVersion = "Xcode 14.0";
			developmentRegion = en;
			hasScannedForEncodings = 0;
			knownRegions = (
				en,
				Base,
			);
			mainGroup = CE93500E2881020B006DA3EE;
			productRefGroup = CE9350182881020B006DA3EE /* Products */;
			projectDirPath = "";
			projectRoot = "";
			targets = (
				CE9350162881020B006DA3EE /* SwiftChartsEx */,
				CE93502628810211006DA3EE /* SwiftChartsExTests */,
				CE93503028810211006DA3EE /* SwiftChartsExUITests */,
			);
		};
/* End PBXProject section */

/* Begin PBXResourcesBuildPhase section */
		CE9350152881020B006DA3EE /* Resources */ = {
			isa = PBXResourcesBuildPhase;
			buildActionMask = 2147483647;
			files = (
				CE93502228810211006DA3EE /* Preview Assets.xcassets in Resources */,
				CE93501F28810211006DA3EE /* Assets.xcassets in Resources */,
			);
			runOnlyForDeploymentPostprocessing = 0;
		};
		CE93502528810211006DA3EE /* Resources */ = {
			isa = PBXResourcesBuildPhase;
			buildActionMask = 2147483647;
			files = (
			);
			runOnlyForDeploymentPostprocessing = 0;
		};
		CE93502F28810211006DA3EE /* Resources */ = {
			isa = PBXResourcesBuildPhase;
			buildActionMask = 2147483647;
			files = (
			);
			runOnlyForDeploymentPostprocessing = 0;
		};
/* End PBXResourcesBuildPhase section */

/* Begin PBXSourcesBuildPhase section */
		CE9350132881020B006DA3EE /* Sources */ = {
			isa = PBXSourcesBuildPhase;
			buildActionMask = 2147483647;
			files = (
				CE93501D2881020B006DA3EE /* ContentView.swift in Sources */,
				CEC0586C288111470098169A /* SeriesChart.swift in Sources */,
				CE93501B2881020B006DA3EE /* SwiftChartsExApp.swift in Sources */,
			);
			runOnlyForDeploymentPostprocessing = 0;
		};
		CE93502328810211006DA3EE /* Sources */ = {
			isa = PBXSourcesBuildPhase;
			buildActionMask = 2147483647;
			files = (
				CE93502C28810211006DA3EE /* SwiftChartsExTests.swift in Sources */,
			);
			runOnlyForDeploymentPostprocessing = 0;
		};
		CE93502D28810211006DA3EE /* Sources */ = {
			isa = PBXSourcesBuildPhase;
			buildActionMask = 2147483647;
			files = (
				CE93503828810211006DA3EE /* SwiftChartsExUITestsLaunchTests.swift in Sources */,
				CE93503628810211006DA3EE /* SwiftChartsExUITests.swift in Sources */,
			);
			runOnlyForDeploymentPostprocessing = 0;
		};
/* End PBXSourcesBuildPhase section */

/* Begin PBXTargetDependency section */
		CE93502928810211006DA3EE /* PBXTargetDependency */ = {
			isa = PBXTargetDependency;
			target = CE9350162881020B006DA3EE /* SwiftChartsEx */;
			targetProxy = CE93502828810211006DA3EE /* PBXContainerItemProxy */;
		};
		CE93503328810211006DA3EE /* PBXTargetDependency */ = {
			isa = PBXTargetDependency;
			target = CE9350162881020B006DA3EE /* SwiftChartsEx */;
			targetProxy = CE93503228810211006DA3EE /* PBXContainerItemProxy */;
		};
/* End PBXTargetDependency section */

/* Begin XCBuildConfiguration section */
		CE93503928810211006DA3EE /* Debug */ = {
			isa = XCBuildConfiguration;
			buildSettings = {
				ALWAYS_SEARCH_USER_PATHS = NO;
				CLANG_ANALYZER_NONNULL = YES;
				CLANG_ANALYZER_NUMBER_OBJECT_CONVERSION = YES_AGGRESSIVE;
				CLANG_CXX_LANGUAGE_STANDARD = "gnu++20";
				CLANG_ENABLE_MODULES = YES;
				CLANG_ENABLE_OBJC_ARC = YES;
				CLANG_ENABLE_OBJC_WEAK = YES;
				CLANG_WARN_BLOCK_CAPTURE_AUTORELEASING = YES;
				CLANG_WARN_BOOL_CONVERSION = YES;
				CLANG_WARN_COMMA = YES;
				CLANG_WARN_CONSTANT_CONVERSION = YES;
				CLANG_WARN_DEPRECATED_OBJC_IMPLEMENTATIONS = YES;
				CLANG_WARN_DIRECT_OBJC_ISA_USAGE = YES_ERROR;
				CLANG_WARN_DOCUMENTATION_COMMENTS = YES;
				CLANG_WARN_EMPTY_BODY = YES;
				CLANG_WARN_ENUM_CONVERSION = YES;
				CLANG_WARN_INFINITE_RECURSION = YES;
				CLANG_WARN_INT_CONVERSION = YES;
				CLANG_WARN_NON_LITERAL_NULL_CONVERSION = YES;
				CLANG_WARN_OBJC_IMPLICIT_RETAIN_SELF = YES;
				CLANG_WARN_OBJC_LITERAL_CONVERSION = YES;
				CLANG_WARN_OBJC_ROOT_CLASS = YES_ERROR;
				CLANG_WARN_QUOTED_INCLUDE_IN_FRAMEWORK_HEADER = YES;
				CLANG_WARN_RANGE_LOOP_ANALYSIS = YES;
				CLANG_WARN_STRICT_PROTOTYPES = YES;
				CLANG_WARN_SUSPICIOUS_MOVE = YES;
				CLANG_WARN_UNGUARDED_AVAILABILITY = YES_AGGRESSIVE;
				CLANG_WARN_UNREACHABLE_CODE = YES;
				CLANG_WARN__DUPLICATE_METHOD_MATCH = YES;
				COPY_PHASE_STRIP = NO;
				DEBUG_INFORMATION_FORMAT = dwarf;
				ENABLE_STRICT_OBJC_MSGSEND = YES;
				ENABLE_TESTABILITY = YES;
				GCC_C_LANGUAGE_STANDARD = gnu11;
				GCC_DYNAMIC_NO_PIC = NO;
				GCC_NO_COMMON_BLOCKS = YES;
				GCC_OPTIMIZATION_LEVEL = 0;
				GCC_PREPROCESSOR_DEFINITIONS = (
					"DEBUG=1",
					"$(inherited)",
				);
				GCC_WARN_64_TO_32_BIT_CONVERSION = YES;
				GCC_WARN_ABOUT_RETURN_TYPE = YES_ERROR;
				GCC_WARN_UNDECLARED_SELECTOR = YES;
				GCC_WARN_UNINITIALIZED_AUTOS = YES_AGGRESSIVE;
				GCC_WARN_UNUSED_FUNCTION = YES;
				GCC_WARN_UNUSED_VARIABLE = YES;
				IPHONEOS_DEPLOYMENT_TARGET = 16.0;
				MTL_ENABLE_DEBUG_INFO = INCLUDE_SOURCE;
				MTL_FAST_MATH = YES;
				ONLY_ACTIVE_ARCH = YES;
				SDKROOT = iphoneos;
				SWIFT_ACTIVE_COMPILATION_CONDITIONS = DEBUG;
				SWIFT_OPTIMIZATION_LEVEL = "-Onone";
			};
			name = Debug;
		};
		CE93503A28810211006DA3EE /* Release */ = {
			isa = XCBuildConfiguration;
			buildSettings = {
				ALWAYS_SEARCH_USER_PATHS = NO;
				CLANG_ANALYZER_NONNULL = YES;
				CLANG_ANALYZER_NUMBER_OBJECT_CONVERSION = YES_AGGRESSIVE;
				CLANG_CXX_LANGUAGE_STANDARD = "gnu++20";
				CLANG_ENABLE_MODULES = YES;
				CLANG_ENABLE_OBJC_ARC = YES;
				CLANG_ENABLE_OBJC_WEAK = YES;
				CLANG_WARN_BLOCK_CAPTURE_AUTORELEASING = YES;
				CLANG_WARN_BOOL_CONVERSION = YES;
				CLANG_WARN_COMMA = YES;
				CLANG_WARN_CONSTANT_CONVERSION = YES;
				CLANG_WARN_DEPRECATED_OBJC_IMPLEMENTATIONS = YES;
				CLANG_WARN_DIRECT_OBJC_ISA_USAGE = YES_ERROR;
				CLANG_WARN_DOCUMENTATION_COMMENTS = YES;
				CLANG_WARN_EMPTY_BODY = YES;
				CLANG_WARN_ENUM_CONVERSION = YES;
				CLANG_WARN_INFINITE_RECURSION = YES;
				CLANG_WARN_INT_CONVERSION = YES;
				CLANG_WARN_NON_LITERAL_NULL_CONVERSION = YES;
				CLANG_WARN_OBJC_IMPLICIT_RETAIN_SELF = YES;
				CLANG_WARN_OBJC_LITERAL_CONVERSION = YES;
				CLANG_WARN_OBJC_ROOT_CLASS = YES_ERROR;
				CLANG_WARN_QUOTED_INCLUDE_IN_FRAMEWORK_HEADER = YES;
				CLANG_WARN_RANGE_LOOP_ANALYSIS = YES;
				CLANG_WARN_STRICT_PROTOTYPES = YES;
				CLANG_WARN_SUSPICIOUS_MOVE = YES;
				CLANG_WARN_UNGUARDED_AVAILABILITY = YES_AGGRESSIVE;
				CLANG_WARN_UNREACHABLE_CODE = YES;
				CLANG_WARN__DUPLICATE_METHOD_MATCH = YES;
				COPY_PHASE_STRIP = NO;
				DEBUG_INFORMATION_FORMAT = "dwarf-with-dsym";
				ENABLE_NS_ASSERTIONS = NO;
				ENABLE_STRICT_OBJC_MSGSEND = YES;
				GCC_C_LANGUAGE_STANDARD = gnu11;
				GCC_NO_COMMON_BLOCKS = YES;
				GCC_WARN_64_TO_32_BIT_CONVERSION = YES;
				GCC_WARN_ABOUT_RETURN_TYPE = YES_ERROR;
				GCC_WARN_UNDECLARED_SELECTOR = YES;
				GCC_WARN_UNINITIALIZED_AUTOS = YES_AGGRESSIVE;
				GCC_WARN_UNUSED_FUNCTION = YES;
				GCC_WARN_UNUSED_VARIABLE = YES;
				IPHONEOS_DEPLOYMENT_TARGET = 16.0;
				MTL_ENABLE_DEBUG_INFO = NO;
				MTL_FAST_MATH = YES;
				SDKROOT = iphoneos;
				SWIFT_COMPILATION_MODE = wholemodule;
				SWIFT_OPTIMIZATION_LEVEL = "-O";
				VALIDATE_PRODUCT = YES;
			};
			name = Release;
		};
		CE93503C28810211006DA3EE /* Debug */ = {
			isa = XCBuildConfiguration;
			buildSettings = {
				ASSETCATALOG_COMPILER_APPICON_NAME = AppIcon;
				ASSETCATALOG_COMPILER_GLOBAL_ACCENT_COLOR_NAME = AccentColor;
				CODE_SIGN_STYLE = Automatic;
				CURRENT_PROJECT_VERSION = 1;
				DEVELOPMENT_ASSET_PATHS = "\"SwiftChartsEx/Preview Content\"";
				DEVELOPMENT_TEAM = 494S7KDL4P;
				ENABLE_PREVIEWS = YES;
				GENERATE_INFOPLIST_FILE = YES;
				INFOPLIST_KEY_UIApplicationSceneManifest_Generation = YES;
				INFOPLIST_KEY_UIApplicationSupportsIndirectInputEvents = YES;
				INFOPLIST_KEY_UILaunchScreen_Generation = YES;
				INFOPLIST_KEY_UISupportedInterfaceOrientations_iPad = "UIInterfaceOrientationPortrait UIInterfaceOrientationPortraitUpsideDown UIInterfaceOrientationLandscapeLeft UIInterfaceOrientationLandscapeRight";
				INFOPLIST_KEY_UISupportedInterfaceOrientations_iPhone = "UIInterfaceOrientationPortrait UIInterfaceOrientationLandscapeLeft UIInterfaceOrientationLandscapeRight";
				LD_RUNPATH_SEARCH_PATHS = (
					"$(inherited)",
					"@executable_path/Frameworks",
				);
				MARKETING_VERSION = 1.0;
				PRODUCT_BUNDLE_IDENTIFIER = dev1.app.pay.linecorp.SwiftChartsEx;
				PRODUCT_NAME = "$(TARGET_NAME)";
				SWIFT_EMIT_LOC_STRINGS = YES;
				SWIFT_VERSION = 5.0;
				TARGETED_DEVICE_FAMILY = "1,2";
			};
			name = Debug;
		};
		CE93503D28810211006DA3EE /* Release */ = {
			isa = XCBuildConfiguration;
			buildSettings = {
				ASSETCATALOG_COMPILER_APPICON_NAME = AppIcon;
				ASSETCATALOG_COMPILER_GLOBAL_ACCENT_COLOR_NAME = AccentColor;
				CODE_SIGN_STYLE = Automatic;
				CURRENT_PROJECT_VERSION = 1;
				DEVELOPMENT_ASSET_PATHS = "\"SwiftChartsEx/Preview Content\"";
				DEVELOPMENT_TEAM = 494S7KDL4P;
				ENABLE_PREVIEWS = YES;
				GENERATE_INFOPLIST_FILE = YES;
				INFOPLIST_KEY_UIApplicationSceneManifest_Generation = YES;
				INFOPLIST_KEY_UIApplicationSupportsIndirectInputEvents = YES;
				INFOPLIST_KEY_UILaunchScreen_Generation = YES;
				INFOPLIST_KEY_UISupportedInterfaceOrientations_iPad = "UIInterfaceOrientationPortrait UIInterfaceOrientationPortraitUpsideDown UIInterfaceOrientationLandscapeLeft UIInterfaceOrientationLandscapeRight";
				INFOPLIST_KEY_UISupportedInterfaceOrientations_iPhone = "UIInterfaceOrientationPortrait UIInterfaceOrientationLandscapeLeft UIInterfaceOrientationLandscapeRight";
				LD_RUNPATH_SEARCH_PATHS = (
					"$(inherited)",
					"@executable_path/Frameworks",
				);
				MARKETING_VERSION = 1.0;
				PRODUCT_BUNDLE_IDENTIFIER = dev1.app.pay.linecorp.SwiftChartsEx;
				PRODUCT_NAME = "$(TARGET_NAME)";
				SWIFT_EMIT_LOC_STRINGS = YES;
				SWIFT_VERSION = 5.0;
				TARGETED_DEVICE_FAMILY = "1,2";
			};
			name = Release;
		};
		CE93503F28810211006DA3EE /* Debug */ = {
			isa = XCBuildConfiguration;
			buildSettings = {
				ALWAYS_EMBED_SWIFT_STANDARD_LIBRARIES = YES;
				BUNDLE_LOADER = "$(TEST_HOST)";
				CODE_SIGN_STYLE = Automatic;
				CURRENT_PROJECT_VERSION = 1;
				DEVELOPMENT_TEAM = 494S7KDL4P;
				GENERATE_INFOPLIST_FILE = YES;
				IPHONEOS_DEPLOYMENT_TARGET = 16.0;
				MARKETING_VERSION = 1.0;
				PRODUCT_BUNDLE_IDENTIFIER = dev1.app.pay.linecorp.SwiftChartsExTests;
				PRODUCT_NAME = "$(TARGET_NAME)";
				SWIFT_EMIT_LOC_STRINGS = NO;
				SWIFT_VERSION = 5.0;
				TARGETED_DEVICE_FAMILY = "1,2";
				TEST_HOST = "$(BUILT_PRODUCTS_DIR)/SwiftChartsEx.app/$(BUNDLE_EXECUTABLE_FOLDER_PATH)/SwiftChartsEx";
			};
			name = Debug;
		};
		CE93504028810211006DA3EE /* Release */ = {
			isa = XCBuildConfiguration;
			buildSettings = {
				ALWAYS_EMBED_SWIFT_STANDARD_LIBRARIES = YES;
				BUNDLE_LOADER = "$(TEST_HOST)";
				CODE_SIGN_STYLE = Automatic;
				CURRENT_PROJECT_VERSION = 1;
				DEVELOPMENT_TEAM = 494S7KDL4P;
				GENERATE_INFOPLIST_FILE = YES;
				IPHONEOS_DEPLOYMENT_TARGET = 16.0;
				MARKETING_VERSION = 1.0;
				PRODUCT_BUNDLE_IDENTIFIER = dev1.app.pay.linecorp.SwiftChartsExTests;
				PRODUCT_NAME = "$(TARGET_NAME)";
				SWIFT_EMIT_LOC_STRINGS = NO;
				SWIFT_VERSION = 5.0;
				TARGETED_DEVICE_FAMILY = "1,2";
				TEST_HOST = "$(BUILT_PRODUCTS_DIR)/SwiftChartsEx.app/$(BUNDLE_EXECUTABLE_FOLDER_PATH)/SwiftChartsEx";
			};
			name = Release;
		};
		CE93504228810211006DA3EE /* Debug */ = {
			isa = XCBuildConfiguration;
			buildSettings = {
				ALWAYS_EMBED_SWIFT_STANDARD_LIBRARIES = YES;
				CODE_SIGN_STYLE = Automatic;
				CURRENT_PROJECT_VERSION = 1;
				DEVELOPMENT_TEAM = 494S7KDL4P;
				GENERATE_INFOPLIST_FILE = YES;
				MARKETING_VERSION = 1.0;
				PRODUCT_BUNDLE_IDENTIFIER = dev1.app.pay.linecorp.SwiftChartsExUITests;
				PRODUCT_NAME = "$(TARGET_NAME)";
				SWIFT_EMIT_LOC_STRINGS = NO;
				SWIFT_VERSION = 5.0;
				TARGETED_DEVICE_FAMILY = "1,2";
				TEST_TARGET_NAME = SwiftChartsEx;
			};
			name = Debug;
		};
		CE93504328810211006DA3EE /* Release */ = {
			isa = XCBuildConfiguration;
			buildSettings = {
				ALWAYS_EMBED_SWIFT_STANDARD_LIBRARIES = YES;
				CODE_SIGN_STYLE = Automatic;
				CURRENT_PROJECT_VERSION = 1;
				DEVELOPMENT_TEAM = 494S7KDL4P;
				GENERATE_INFOPLIST_FILE = YES;
				MARKETING_VERSION = 1.0;
				PRODUCT_BUNDLE_IDENTIFIER = dev1.app.pay.linecorp.SwiftChartsExUITests;
				PRODUCT_NAME = "$(TARGET_NAME)";
				SWIFT_EMIT_LOC_STRINGS = NO;
				SWIFT_VERSION = 5.0;
				TARGETED_DEVICE_FAMILY = "1,2";
				TEST_TARGET_NAME = SwiftChartsEx;
			};
			name = Release;
		};
/* End XCBuildConfiguration section */

/* Begin XCConfigurationList section */
		CE9350122881020B006DA3EE /* Build configuration list for PBXProject "SwiftChartsEx" */ = {
			isa = XCConfigurationList;
			buildConfigurations = (
				CE93503928810211006DA3EE /* Debug */,
				CE93503A28810211006DA3EE /* Release */,
			);
			defaultConfigurationIsVisible = 0;
			defaultConfigurationName = Release;
		};
		CE93503B28810211006DA3EE /* Build configuration list for PBXNativeTarget "SwiftChartsEx" */ = {
			isa = XCConfigurationList;
			buildConfigurations = (
				CE93503C28810211006DA3EE /* Debug */,
				CE93503D28810211006DA3EE /* Release */,
			);
			defaultConfigurationIsVisible = 0;
			defaultConfigurationName = Release;
		};
		CE93503E28810211006DA3EE /* Build configuration list for PBXNativeTarget "SwiftChartsExTests" */ = {
			isa = XCConfigurationList;
			buildConfigurations = (
				CE93503F28810211006DA3EE /* Debug */,
				CE93504028810211006DA3EE /* Release */,
			);
			defaultConfigurationIsVisible = 0;
			defaultConfigurationName = Release;
		};
		CE93504128810211006DA3EE /* Build configuration list for PBXNativeTarget "SwiftChartsExUITests" */ = {
			isa = XCConfigurationList;
			buildConfigurations = (
				CE93504228810211006DA3EE /* Debug */,
				CE93504328810211006DA3EE /* Release */,
			);
			defaultConfigurationIsVisible = 0;
			defaultConfigurationName = Release;
		};
/* End XCConfigurationList section */
	};
	rootObject = CE93500F2881020B006DA3EE /* Project object */;
}
